
Microsoft Visual Studio Solution File, Format Version 12.00
# Visual Studio Version 16
VisualStudioVersion = 16.0.29609.76
MinimumVisualStudioVersion = 10.0.40219.1
Project("{C7167F0D-BC9F-4E6E-AFE1-012C56B48DB5}") = "electron.package", "electron.package\electron.package.wapproj", "{A9B1F43D-3B70-4A8F-AC78-710151B73EDA}"
EndProject
Project("{FAE04EC0-301F-11D3-BF4B-00C04F79EFBC}") = "electron-starter", "electron-starter\electron-starter.csproj", "{934E0171-D85F-41A9-B086-31D573A3DA59}"
EndProject
Global
	GlobalSection(SolutionConfigurationPlatforms) = preSolution
		Debug|Any CPU = Debug|Any CPU
		Debug|ARM = Debug|ARM
		Debug|ARM64 = Debug|ARM64
		Debug|x64 = Debug|x64
		Debug|x86 = Debug|x86
		Release|Any CPU = Release|Any CPU
		Release|ARM = Release|ARM
		Release|ARM64 = Release|ARM64
		Release|x64 = Release|x64
		Release|x86 = Release|x86
	EndGlobalSection
	GlobalSection(ProjectConfigurationPlatforms) = postSolution
		{A9B1F43D-3B70-4A8F-AC78-710151B73EDA}.Debug|Any CPU.ActiveCfg = Debug|Any CPU
		{A9B1F43D-3B70-4A8F-AC78-710151B73EDA}.Debug|Any CPU.Build.0 = Debug|Any CPU
		{A9B1F43D-3B70-4A8F-AC78-710151B73EDA}.Debug|Any CPU.Deploy.0 = Debug|Any CPU
		{A9B1F43D-3B70-4A8F-AC78-710151B73EDA}.Debug|ARM.ActiveCfg = Debug|ARM
		{A9B1F43D-3B70-4A8F-AC78-710151B73EDA}.Debug|ARM.Build.0 = Debug|ARM
		{A9B1F43D-3B70-4A8F-AC78-710151B73EDA}.Debug|ARM.Deploy.0 = Debug|ARM
		{A9B1F43D-3B70-4A8F-AC78-710151B73EDA}.Debug|ARM64.ActiveCfg = Debug|ARM64
		{A9B1F43D-3B70-4A8F-AC78-710151B73EDA}.Debug|ARM64.Build.0 = Debug|ARM64
		{A9B1F43D-3B70-4A8F-AC78-710151B73EDA}.Debug|ARM64.Deploy.0 = Debug|ARM64
		{A9B1F43D-3B70-4A8F-AC78-710151B73EDA}.Debug|x64.ActiveCfg = Debug|x64
		{A9B1F43D-3B70-4A8F-AC78-710151B73EDA}.Debug|x64.Build.0 = Debug|x64
		{A9B1F43D-3B70-4A8F-AC78-710151B73EDA}.Debug|x64.Deploy.0 = Debug|x64
		{A9B1F43D-3B70-4A8F-AC78-710151B73EDA}.Debug|x86.ActiveCfg = Debug|x86
		{A9B1F43D-3B70-4A8F-AC78-710151B73EDA}.Debug|x86.Build.0 = Debug|x86
		{A9B1F43D-3B70-4A8F-AC78-710151B73EDA}.Debug|x86.Deploy.0 = Debug|x86
		{A9B1F43D-3B70-4A8F-AC78-710151B73EDA}.Release|Any CPU.ActiveCfg = Release|Any CPU
		{A9B1F43D-3B70-4A8F-AC78-710151B73EDA}.Release|Any CPU.Build.0 = Release|Any CPU
		{A9B1F43D-3B70-4A8F-AC78-710151B73EDA}.Release|Any CPU.Deploy.0 = Release|Any CPU
		{A9B1F43D-3B70-4A8F-AC78-710151B73EDA}.Release|ARM.ActiveCfg = Release|ARM
		{A9B1F43D-3B70-4A8F-AC78-710151B73EDA}.Release|ARM.Build.0 = Release|ARM
		{A9B1F43D-3B70-4A8F-AC78-710151B73EDA}.Release|ARM.Deploy.0 = Release|ARM
		{A9B1F43D-3B70-4A8F-AC78-710151B73EDA}.Release|ARM64.ActiveCfg = Release|ARM64
		{A9B1F43D-3B70-4A8F-AC78-710151B73EDA}.Release|ARM64.Build.0 = Release|ARM64
		{A9B1F43D-3B70-4A8F-AC78-710151B73EDA}.Release|ARM64.Deploy.0 = Release|ARM64
		{A9B1F43D-3B70-4A8F-AC78-710151B73EDA}.Release|x64.ActiveCfg = Release|x64
		{A9B1F43D-3B70-4A8F-AC78-710151B73EDA}.Release|x64.Build.0 = Release|x64
		{A9B1F43D-3B70-4A8F-AC78-710151B73EDA}.Release|x64.Deploy.0 = Release|x64
		{A9B1F43D-3B70-4A8F-AC78-710151B73EDA}.Release|x86.ActiveCfg = Release|x86
		{A9B1F43D-3B70-4A8F-AC78-710151B73EDA}.Release|x86.Build.0 = Release|x86
		{A9B1F43D-3B70-4A8F-AC78-710151B73EDA}.Release|x86.Deploy.0 = Release|x86
		{934E0171-D85F-41A9-B086-31D573A3DA59}.Debug|Any CPU.ActiveCfg = Debug|Any CPU
		{934E0171-D85F-41A9-B086-31D573A3DA59}.Debug|Any CPU.Build.0 = Debug|Any CPU
		{934E0171-D85F-41A9-B086-31D573A3DA59}.Debug|ARM.ActiveCfg = Debug|Any CPU
		{934E0171-D85F-41A9-B086-31D573A3DA59}.Debug|ARM.Build.0 = Debug|Any CPU
		{934E0171-D85F-41A9-B086-31D573A3DA59}.Debug|ARM64.ActiveCfg = Debug|Any CPU
		{934E0171-D85F-41A9-B086-31D573A3DA59}.Debug|ARM64.Build.0 = Debug|Any CPU
		{934E0171-D85F-41A9-B086-31D573A3DA59}.Debug|x64.ActiveCfg = Debug|Any CPU
		{934E0171-D85F-41A9-B086-31D573A3DA59}.Debug|x64.Build.0 = Debug|Any CPU
		{934E0171-D85F-41A9-B086-31D573A3DA59}.Debug|x86.ActiveCfg = Debug|Any CPU
		{934E0171-D85F-41A9-B086-31D573A3DA59}.Debug|x86.Build.0 = Debug|Any CPU
		{934E0171-D85F-41A9-B086-31D573A3DA59}.Release|Any CPU.ActiveCfg = Release|Any CPU
		{934E0171-D85F-41A9-B086-31D573A3DA59}.Release|Any CPU.Build.0 = Release|Any CPU
		{934E0171-D85F-41A9-B086-31D573A3DA59}.Release|ARM.ActiveCfg = Release|Any CPU
		{934E0171-D85F-41A9-B086-31D573A3DA59}.Release|ARM.Build.0 = Release|Any CPU
		{934E0171-D85F-41A9-B086-31D573A3DA59}.Release|ARM64.ActiveCfg = Release|Any CPU
		{934E0171-D85F-41A9-B086-31D573A3DA59}.Release|ARM64.Build.0 = Release|Any CPU
		{934E0171-D85F-41A9-B086-31D573A3DA59}.Release|x64.ActiveCfg = Release|Any CPU
		{934E0171-D85F-41A9-B086-31D573A3DA59}.Release|x64.Build.0 = Release|Any CPU
		{934E0171-D85F-41A9-B086-31D573A3DA59}.Release|x86.ActiveCfg = Release|Any CPU
		{934E0171-D85F-41A9-B086-31D573A3DA59}.Release|x86.Build.0 = Release|Any CPU
	EndGlobalSection
	GlobalSection(SolutionProperties) = preSolution
		HideSolutionNode = FALSE
	EndGlobalSection
	GlobalSection(ExtensibilityGlobals) = postSolution
		SolutionGuid = {5DA7352C-E341-44B6-B1FE-91D1E721FFBE}
	EndGlobalSection
EndGlobal
